
Microsoft Visual Studio Solution File, Format Version 12.00
# Visual Studio Version 16
VisualStudioVersion = 16.0.31624.102
MinimumVisualStudioVersion = 10.0.40219.1
Project("{FAE04EC0-301F-11D3-BF4B-00C04F79EFBC}") = "SistemaMVC", "SistemaMVC.csproj", "{905EC2E4-4EEC-4C19-8CBA-4F8DBAEAB48E}"
EndProject
Global
	GlobalSection(SolutionConfigurationPlatforms) = preSolution
		Debug|Any CPU = Debug|Any CPU
		Release|Any CPU = Release|Any CPU
	EndGlobalSection
	GlobalSection(ProjectConfigurationPlatforms) = postSolution
		{905EC2E4-4EEC-4C19-8CBA-4F8DBAEAB48E}.Debug|Any CPU.ActiveCfg = Debug|Any CPU
		{905EC2E4-4EEC-4C19-8CBA-4F8DBAEAB48E}.Debug|Any CPU.Build.0 = Debug|Any CPU
		{905EC2E4-4EEC-4C19-8CBA-4F8DBAEAB48E}.Release|Any CPU.ActiveCfg = Release|Any CPU
		{905EC2E4-4EEC-4C19-8CBA-4F8DBAEAB48E}.Release|Any CPU.Build.0 = Release|Any CPU
	EndGlobalSection
	GlobalSection(SolutionProperties) = preSolution
		HideSolutionNode = FALSE
	EndGlobalSection
	GlobalSection(ExtensibilityGlobals) = postSolution
		SolutionGuid = {D1857514-69F2-4399-98A7-CBFAD771A0EC}
	EndGlobalSection
EndGlobal
